
Microsoft Visual Studio Solution File, Format Version 12.00
# Visual Studio Version 17
VisualStudioVersion = 17.5.002.0
MinimumVisualStudioVersion = 10.0.40219.1
Project("{9A19103F-16F7-4668-BE54-9A1E7A4F7556}") = "ExemploFundamentos", "ExemploFundamentos.csproj", "{9FB05ADD-30D4-4C05-A9B7-ABEED7C65F14}"
EndProject
Project("{FAE04EC0-301F-11D3-BF4B-00C04F79EFBC}") = "ExemploFundamentos.Common", "..\ExemploFundamentos.Common\ExemploFundamentos.Common.csproj", "{D02B96EE-57DE-44C6-9FDD-526C00ECE7DF}"
EndProject
Global
	GlobalSection(SolutionConfigurationPlatforms) = preSolution
		Debug|Any CPU = Debug|Any CPU
		Release|Any CPU = Release|Any CPU
	EndGlobalSection
	GlobalSection(ProjectConfigurationPlatforms) = postSolution
		{9FB05ADD-30D4-4C05-A9B7-ABEED7C65F14}.Debug|Any CPU.ActiveCfg = Debug|Any CPU
		{9FB05ADD-30D4-4C05-A9B7-ABEED7C65F14}.Debug|Any CPU.Build.0 = Debug|Any CPU
		{9FB05ADD-30D4-4C05-A9B7-ABEED7C65F14}.Release|Any CPU.ActiveCfg = Release|Any CPU
		{9FB05ADD-30D4-4C05-A9B7-ABEED7C65F14}.Release|Any CPU.Build.0 = Release|Any CPU
		{D02B96EE-57DE-44C6-9FDD-526C00ECE7DF}.Debug|Any CPU.ActiveCfg = Debug|Any CPU
		{D02B96EE-57DE-44C6-9FDD-526C00ECE7DF}.Debug|Any CPU.Build.0 = Debug|Any CPU
		{D02B96EE-57DE-44C6-9FDD-526C00ECE7DF}.Release|Any CPU.ActiveCfg = Release|Any CPU
		{D02B96EE-57DE-44C6-9FDD-526C00ECE7DF}.Release|Any CPU.Build.0 = Release|Any CPU
	EndGlobalSection
	GlobalSection(SolutionProperties) = preSolution
		HideSolutionNode = FALSE
	EndGlobalSection
	GlobalSection(ExtensibilityGlobals) = postSolution
		SolutionGuid = {A4D2AD2A-C72E-4DB8-A97F-F2424277ED5F}
	EndGlobalSection
EndGlobal
