
Microsoft Visual Studio Solution File, Format Version 12.00
# Visual Studio Version 17
VisualStudioVersion = 17.5.002.0
MinimumVisualStudioVersion = 10.0.40219.1
Project("{9A19103F-16F7-4668-BE54-9A1E7A4F7556}") = "Calculadora", "Calculadora\Calculadora.csproj", "{1CC0EEF7-9774-448D-9310-29415A33C7C1}"
EndProject
Project("{9A19103F-16F7-4668-BE54-9A1E7A4F7556}") = "CalculadoraTestes", "CalculadoraTestes\CalculadoraTestes.csproj", "{C37E2897-74B1-4EB3-897A-2BF36EBE7C06}"
EndProject
Global
	GlobalSection(SolutionConfigurationPlatforms) = preSolution
		Debug|Any CPU = Debug|Any CPU
		Release|Any CPU = Release|Any CPU
	EndGlobalSection
	GlobalSection(ProjectConfigurationPlatforms) = postSolution
		{1CC0EEF7-9774-448D-9310-29415A33C7C1}.Debug|Any CPU.ActiveCfg = Debug|Any CPU
		{1CC0EEF7-9774-448D-9310-29415A33C7C1}.Debug|Any CPU.Build.0 = Debug|Any CPU
		{1CC0EEF7-9774-448D-9310-29415A33C7C1}.Release|Any CPU.ActiveCfg = Release|Any CPU
		{1CC0EEF7-9774-448D-9310-29415A33C7C1}.Release|Any CPU.Build.0 = Release|Any CPU
		{C37E2897-74B1-4EB3-897A-2BF36EBE7C06}.Debug|Any CPU.ActiveCfg = Debug|Any CPU
		{C37E2897-74B1-4EB3-897A-2BF36EBE7C06}.Debug|Any CPU.Build.0 = Debug|Any CPU
		{C37E2897-74B1-4EB3-897A-2BF36EBE7C06}.Release|Any CPU.ActiveCfg = Release|Any CPU
		{C37E2897-74B1-4EB3-897A-2BF36EBE7C06}.Release|Any CPU.Build.0 = Release|Any CPU
	EndGlobalSection
	GlobalSection(SolutionProperties) = preSolution
		HideSolutionNode = FALSE
	EndGlobalSection
	GlobalSection(ExtensibilityGlobals) = postSolution
		SolutionGuid = {A7293DAD-8B88-4E29-92CA-57FBA24FD6BC}
	EndGlobalSection
EndGlobal
